// !$*UTF8*$!
{
	archiveVersion = 1;
	classes = {
	};
	objectVersion = 77;
	objects = {

/* Begin PBXBuildFile section */
		064FD2EEF2D193565C2F38A3 /* theme_manifest.json in Resources */ = {isa = PBXBuildFile; fileRef = DC2D3D50F5F50ABAC6DD772D /* theme_manifest.json */; };
		07B69295F978199836DD398D /* SourceTests.swift in Sources */ = {isa = PBXBuildFile; fileRef = B6A2FB8E617D55DBAD72F68F /* SourceTests.swift */; };
		0BCB53711FDA300330BAE305 /* RelationshipRepository.swift in Sources */ = {isa = PBXBuildFile; fileRef = 8310A3DB03DF8987619E3210 /* RelationshipRepository.swift */; };
		14140B1EC5B7607184FF42E6 /* SessionHistoryTests.swift in Sources */ = {isa = PBXBuildFile; fileRef = 682EA6B16D010F5F5D0BCA9D /* SessionHistoryTests.swift */; };
		1460F8A2A269DAAA4905B4B6 /* Provider.swift in Sources */ = {isa = PBXBuildFile; fileRef = 56DBDCF5A45A5803E2262232 /* Provider.swift */; };
		18323BF2E3DE03BD2E9D2E95 /* ChatResponseSource.swift in Sources */ = {isa = PBXBuildFile; fileRef = 41A80C57DCA323CF3BFD719D /* ChatResponseSource.swift */; };
		1A491F02447C88CB1C131547 /* ArtefactStore.swift in Sources */ = {isa = PBXBuildFile; fileRef = 6E55D1E35AE24CE87E8252A3 /* ArtefactStore.swift */; };
		1B1F268C9B72AC255309FA8E /* IdentifiersTests.swift in Sources */ = {isa = PBXBuildFile; fileRef = 51AC0E71897F926D3E66A445 /* IdentifiersTests.swift */; };
		245B149ADCD9AF4513964DAD /* Exporters.swift in Sources */ = {isa = PBXBuildFile; fileRef = BC3BE2A68BF26E51089F0FA0 /* Exporters.swift */; };
		24C1EBB267687B9B38781BB8 /* Theme.swift in Sources */ = {isa = PBXBuildFile; fileRef = C22AE8DFC71A2A8813F3DF56 /* Theme.swift */; };
		25978B844940E79DF16393C9 /* SkillTests.swift in Sources */ = {isa = PBXBuildFile; fileRef = 64ADCF866FF2251C911F33C1 /* SkillTests.swift */; };
		264D29FF249882B12D58FC85 /* ArtefactRepository.swift in Sources */ = {isa = PBXBuildFile; fileRef = 9707D3DB741C35A3F950FA09 /* ArtefactRepository.swift */; };
		2905AF83E4199D45F911F9A9 /* ConversationTests.swift in Sources */ = {isa = PBXBuildFile; fileRef = 520D06FDC0F3C84E76CDE302 /* ConversationTests.swift */; };
		2C3B8186145EFFC7C01176BA /* AttachmentStore.swift in Sources */ = {isa = PBXBuildFile; fileRef = 6AE1B83C9D89D35DA02D78AA /* AttachmentStore.swift */; };
		33AED704E1BCE03E6E0E09E0 /* ContentBlockRendering.swift in Sources */ = {isa = PBXBuildFile; fileRef = 9BB2447D13B76740668BC849 /* ContentBlockRendering.swift */; };
		3ACCCA454086C9CF5F82A19C /* Context.swift in Sources */ = {isa = PBXBuildFile; fileRef = 15C80E07053B6C5F27ED28C6 /* Context.swift */; };
		41D19214FF2E191CE77F83A1 /* ModelCatalog.swift in Sources */ = {isa = PBXBuildFile; fileRef = 82BD921B65734CCF8933C9FF /* ModelCatalog.swift */; };
		43C0DF8434750116FD40D971 /* SSE.swift in Sources */ = {isa = PBXBuildFile; fileRef = 8F4627A6932AFCC922D079F4 /* SSE.swift */; };
		47AF6ADD4E85E1518803F318 /* ImportExportTests.swift in Sources */ = {isa = PBXBuildFile; fileRef = D7E049B26B880CD376A0C74E /* ImportExportTests.swift */; };
		48581DCD3065254370E583FE /* ConversationRepository.swift in Sources */ = {isa = PBXBuildFile; fileRef = 5B99BD93E51D059B8620CBAE /* ConversationRepository.swift */; };
		48DF75E429E34F3701F145A8 /* ArtefactTests.swift in Sources */ = {isa = PBXBuildFile; fileRef = DA6EBF2B6BCDAACED8E2E932 /* ArtefactTests.swift */; };
		4EB0B4515BC0E4574B9E8117 /* DiagnosticsTests.swift in Sources */ = {isa = PBXBuildFile; fileRef = 02A119BABCCC0541A86F0FEE /* DiagnosticsTests.swift */; };
		4F31C594778B2E83D581A951 /* ModelCatalogTests.swift in Sources */ = {isa = PBXBuildFile; fileRef = 3F5ED5AA1DAFAADAFD217757 /* ModelCatalogTests.swift */; };
		515F15C24F514223EE7C06AC /* ChatSession.swift in Sources */ = {isa = PBXBuildFile; fileRef = D633C99839F2015E2F41F17F /* ChatSession.swift */; };
		553DD5EAE82065CA355E2514 /* SourceRepository.swift in Sources */ = {isa = PBXBuildFile; fileRef = 2BA42A0C4D93B1D683ED9688 /* SourceRepository.swift */; };
		56D04DC70D798BA1A6276A61 /* AnthropicMessagesAdapter.swift in Sources */ = {isa = PBXBuildFile; fileRef = 7F797541B4A8887B439C6F87 /* AnthropicMessagesAdapter.swift */; };
		586A6E3717047F4B33BFDB71 /* StreamingTransport.swift in Sources */ = {isa = PBXBuildFile; fileRef = FE47BB9A631374B3EDB80A39 /* StreamingTransport.swift */; };
		59E547C398526A5FF6A0347B /* RelationshipTests.swift in Sources */ = {isa = PBXBuildFile; fileRef = 0A29CDA78FB9A8DA89D6C38C /* RelationshipTests.swift */; };
		5CB9D914FFB636615F434EC6 /* ToolRegistry.swift in Sources */ = {isa = PBXBuildFile; fileRef = 01F16D2B7BFAA0C3A560D9FE /* ToolRegistry.swift */; };
		66C73CF757CE8A01BCA2C2C7 /* GinnyApp.swift in Sources */ = {isa = PBXBuildFile; fileRef = 383B7AAA97C2542AB5ED6BC5 /* GinnyApp.swift */; };
		7664DB8F08EAF056798B9779 /* SkillTools.swift in Sources */ = {isa = PBXBuildFile; fileRef = 5511EF9430788AD21AC18B4D /* SkillTools.swift */; };
		774CAC785BCE6DFA310C6AAB /* ContentBlockTests.swift in Sources */ = {isa = PBXBuildFile; fileRef = D071DD6B51C7DC0FE829F737 /* ContentBlockTests.swift */; };
		78ECC8D8DE069DCB2EDC7B87 /* Identifiers.swift in Sources */ = {isa = PBXBuildFile; fileRef = 1A0C75269F06EC3B0AAD2756 /* Identifiers.swift */; };
		803BD71F77F13C6ED1BD96F0 /* Diagnostics.swift in Sources */ = {isa = PBXBuildFile; fileRef = 396160192E7309F0F87B1324 /* Diagnostics.swift */; };
		88021DA26FD94883FBC66302 /* ArtefactTools.swift in Sources */ = {isa = PBXBuildFile; fileRef = 20373ABD2111756D7456726E /* ArtefactTools.swift */; };
		8C35A6719FB2C60C52EB783B /* Relationship.swift in Sources */ = {isa = PBXBuildFile; fileRef = AC5EC4A9CD4C888672B6F3F3 /* Relationship.swift */; };
		8D711B7A9BCF2C157427E7AE /* SessionHistoryStore.swift in Sources */ = {isa = PBXBuildFile; fileRef = 9C5F3D001DDEDF4A6E841857 /* SessionHistoryStore.swift */; };
		92B12C300FAF9C2E0E3485B3 /* OpenAICompatibleAdapter.swift in Sources */ = {isa = PBXBuildFile; fileRef = B443D54FD19829036654EEFA /* OpenAICompatibleAdapter.swift */; };
		931DF029769AF70E2FE471EE /* ChatView.swift in Sources */ = {isa = PBXBuildFile; fileRef = D47D54403317B0C02D8EE4F6 /* ChatView.swift */; };
		95AA2C599BF497F2A4148E22 /* ArtefactPromoter.swift in Sources */ = {isa = PBXBuildFile; fileRef = 18956D9C42A96009AD474B6E /* ArtefactPromoter.swift */; };
		977F8ABC1324F32138346E20 /* ProviderSettings.swift in Sources */ = {isa = PBXBuildFile; fileRef = 0BE22D2E536A10834A57D8E5 /* ProviderSettings.swift */; };
		999E2D80366874B0EF14E431 /* Artefact.swift in Sources */ = {isa = PBXBuildFile; fileRef = B2612F3084E164C0A80744CD /* Artefact.swift */; };
		9B413C9202E8F998E5B5D05A /* StreamingTests.swift in Sources */ = {isa = PBXBuildFile; fileRef = 515E025BD4E22E6F292A8415 /* StreamingTests.swift */; };
		9D26EBCA00DE43693BF285B6 /* SourceImporter.swift in Sources */ = {isa = PBXBuildFile; fileRef = 7A6AB4AB0A1282F6EC908919 /* SourceImporter.swift */; };
		B01CFF6ED6A68A558D3CB3FA /* CredentialStore.swift in Sources */ = {isa = PBXBuildFile; fileRef = 8737F656370217260F93276E /* CredentialStore.swift */; };
		B6FC532F089D33BA8E427746 /* ArtefactViews.swift in Sources */ = {isa = PBXBuildFile; fileRef = 89F5545BB8D07A7335627AE0 /* ArtefactViews.swift */; };
		BA8FB63868CF70FA8D325975 /* ThemeTests.swift in Sources */ = {isa = PBXBuildFile; fileRef = C01DC86C6D4A5429571348B7 /* ThemeTests.swift */; };
		BB580858294F3113E5668110 /* ToolTests.swift in Sources */ = {isa = PBXBuildFile; fileRef = 28CB2AD08D5ED8302810E37D /* ToolTests.swift */; };
		BE022E83591A9DFB8B61E301 /* Source.swift in Sources */ = {isa = PBXBuildFile; fileRef = 6D339A7F3570FEF614C98A96 /* Source.swift */; };
		C1B902A10125675DBDF43027 /* AppDependencies.swift in Sources */ = {isa = PBXBuildFile; fileRef = AA14B4BF60B6010216E83851 /* AppDependencies.swift */; };
		C65B5081BF58A6412278D4B7 /* ArtefactPromotionTests.swift in Sources */ = {isa = PBXBuildFile; fileRef = 7B81D41E0DAE7CDBDAA4A928 /* ArtefactPromotionTests.swift */; };
		CBCF7264B81A5BD1ABA7C0E3 /* SwiftStreamingMarkdown in Frameworks */ = {isa = PBXBuildFile; productRef = BF8D6C77705725ED96320C4C /* SwiftStreamingMarkdown */; };
		CC5B35E88C8788DE8EF35BBA /* SearchTests.swift in Sources */ = {isa = PBXBuildFile; fileRef = 82E49C2F53C4FB8D035BE842 /* SearchTests.swift */; };
		CFD2820648D9A8933EA72451 /* RootView.swift in Sources */ = {isa = PBXBuildFile; fileRef = 604F428D68F76A14BCE9A5F5 /* RootView.swift */; };
		D2BA3C147930FC0D8B3F9923 /* Conversation.swift in Sources */ = {isa = PBXBuildFile; fileRef = ED5B56B84488FBF598916DDB /* Conversation.swift */; };
		D58E385144AC57D91049E636 /* ContextTests.swift in Sources */ = {isa = PBXBuildFile; fileRef = B805DE7BA30FB3F2455025C1 /* ContextTests.swift */; };
		D60072509CB892EDD6D1F83A /* DiagramCraftSkill.swift in Sources */ = {isa = PBXBuildFile; fileRef = 0DFD9A01E29499FED37F1DA2 /* DiagramCraftSkill.swift */; };
		D770B6E0CC668F94B3E39034 /* Skill.swift in Sources */ = {isa = PBXBuildFile; fileRef = 1EB399BEEEDC2B36FB06B201 /* Skill.swift */; };
		D86BD3AF52C650FAE51945C4 /* ArtefactStoreTests.swift in Sources */ = {isa = PBXBuildFile; fileRef = 37ED071981CBE306A01F9924 /* ArtefactStoreTests.swift */; };
		D9BEB6E6A505D06E41A6B43D /* Glass.swift in Sources */ = {isa = PBXBuildFile; fileRef = 69FA948BCF63CC7B840A03A1 /* Glass.swift */; };
		DD5DABB68CE6EB932D5A65BF /* AgentInstructions.swift in Sources */ = {isa = PBXBuildFile; fileRef = A4ACDAF24D1C1D2DF8B64C20 /* AgentInstructions.swift */; };
		EB3FA2229ACB08DCFC53DCD7 /* ChatSessionTests.swift in Sources */ = {isa = PBXBuildFile; fileRef = 3F051BDD1547D31ADD6227CA /* ChatSessionTests.swift */; };
		F074A2C094D69AAD05EDF3F2 /* ArtefactRepositoryTests.swift in Sources */ = {isa = PBXBuildFile; fileRef = 1630D093BE954BE1D98C3247 /* ArtefactRepositoryTests.swift */; };
		F0DE5293B1A15136EED8AC3E /* ProviderSettingsTests.swift in Sources */ = {isa = PBXBuildFile; fileRef = 08C8F3956963A5DBB935220F /* ProviderSettingsTests.swift */; };
		F71A84DAAC1E6004B0BF2BE4 /* Search.swift in Sources */ = {isa = PBXBuildFile; fileRef = C3350EE57DD17E55714512F7 /* Search.swift */; };
		A10000000000000000000001 /* GinnyLiveActivityAttributes.swift in Sources */ = {isa = PBXBuildFile; fileRef = B10000000000000000000001 /* GinnyLiveActivityAttributes.swift */; };
		A10000000000000000000002 /* LiveActivityController.swift in Sources */ = {isa = PBXBuildFile; fileRef = B10000000000000000000002 /* LiveActivityController.swift */; };
		A10000000000000000000003 /* GinnyLiveActivityAttributes.swift in Sources */ = {isa = PBXBuildFile; fileRef = B10000000000000000000001 /* GinnyLiveActivityAttributes.swift */; };
		A10000000000000000000004 /* GinnyLiveActivityWidget.swift in Sources */ = {isa = PBXBuildFile; fileRef = B10000000000000000000003 /* GinnyLiveActivityWidget.swift */; };
		A10000000000000000000005 /* GinnyLiveActivity.appex in Embed Foundation Extensions */ = {isa = PBXBuildFile; fileRef = B10000000000000000000005 /* GinnyLiveActivity.appex */; settings = {ATTRIBUTES = (RemoveHeadersOnCopy, ); }; };
		A20000000000000000000001 /* WebSearchTools.swift in Sources */ = {isa = PBXBuildFile; fileRef = B20000000000000000000001 /* WebSearchTools.swift */; };
		A20000000000000000000002 /* WebSearch.swift in Sources */ = {isa = PBXBuildFile; fileRef = B20000000000000000000002 /* WebSearch.swift */; };
		A20000000000000000000003 /* CitationRepository.swift in Sources */ = {isa = PBXBuildFile; fileRef = B20000000000000000000003 /* CitationRepository.swift */; };
		A20000000000000000000004 /* ContextRepository.swift in Sources */ = {isa = PBXBuildFile; fileRef = B20000000000000000000004 /* ContextRepository.swift */; };
		A20000000000000000000005 /* ContextStore.swift in Sources */ = {isa = PBXBuildFile; fileRef = B20000000000000000000005 /* ContextStore.swift */; };
		A30000000000000000000001 /* ChatActivityViews.swift in Sources */ = {isa = PBXBuildFile; fileRef = B30000000000000000000001 /* ChatActivityViews.swift */; };
		A30000000000000000000002 /* ContextViews.swift in Sources */ = {isa = PBXBuildFile; fileRef = B30000000000000000000002 /* ContextViews.swift */; };
		A30000000000000000000003 /* WorkspaceSearchView.swift in Sources */ = {isa = PBXBuildFile; fileRef = B30000000000000000000003 /* WorkspaceSearchView.swift */; };
		F20000000000000000000001 /* GinnyUITests.swift in Sources */ = {isa = PBXBuildFile; fileRef = F30000000000000000000001 /* GinnyUITests.swift */; };
/* End PBXBuildFile section */

/* Begin PBXContainerItemProxy section */
		07D610BA248542447DCC26AB /* PBXContainerItemProxy */ = {
			isa = PBXContainerItemProxy;
			containerPortal = 623794BEDAB75D309DC84F2C /* Project object */;
			proxyType = 1;
			remoteGlobalIDString = 0AEBED158889DE2A3984B81A;
			remoteInfo = Ginny;
		};
		110000000000000000000001 /* PBXContainerItemProxy */ = {
			isa = PBXContainerItemProxy;
			containerPortal = 623794BEDAB75D309DC84F2C /* Project object */;
			proxyType = 1;
			remoteGlobalIDString = E10000000000000000000001;
			remoteInfo = GinnyLiveActivity;
		};
		F90000000000000000000001 /* PBXContainerItemProxy */ = {
			isa = PBXContainerItemProxy;
			containerPortal = 623794BEDAB75D309DC84F2C /* Project object */;
			proxyType = 1;
			remoteGlobalIDString = 0AEBED158889DE2A3984B81A;
			remoteInfo = Ginny;
		};
/* End PBXContainerItemProxy section */

/* Begin PBXFileReference section */
		01F16D2B7BFAA0C3A560D9FE /* ToolRegistry.swift */ = {isa = PBXFileReference; lastKnownFileType = sourcecode.swift; path = ToolRegistry.swift; sourceTree = "<group>"; };
		02A119BABCCC0541A86F0FEE /* DiagnosticsTests.swift */ = {isa = PBXFileReference; lastKnownFileType = sourcecode.swift; path = DiagnosticsTests.swift; sourceTree = "<group>"; };
		08C8F3956963A5DBB935220F /* ProviderSettingsTests.swift */ = {isa = PBXFileReference; lastKnownFileType = sourcecode.swift; path = ProviderSettingsTests.swift; sourceTree = "<group>"; };
		0A29CDA78FB9A8DA89D6C38C /* RelationshipTests.swift */ = {isa = PBXFileReference; lastKnownFileType = sourcecode.swift; path = RelationshipTests.swift; sourceTree = "<group>"; };
		0BE22D2E536A10834A57D8E5 /* ProviderSettings.swift */ = {isa = PBXFileReference; lastKnownFileType = sourcecode.swift; path = ProviderSettings.swift; sourceTree = "<group>"; };
		0DFD9A01E29499FED37F1DA2 /* DiagramCraftSkill.swift */ = {isa = PBXFileReference; lastKnownFileType = sourcecode.swift; path = DiagramCraftSkill.swift; sourceTree = "<group>"; };
		15C80E07053B6C5F27ED28C6 /* Context.swift */ = {isa = PBXFileReference; lastKnownFileType = sourcecode.swift; path = Context.swift; sourceTree = "<group>"; };
		1630D093BE954BE1D98C3247 /* ArtefactRepositoryTests.swift */ = {isa = PBXFileReference; lastKnownFileType = sourcecode.swift; path = ArtefactRepositoryTests.swift; sourceTree = "<group>"; };
		18956D9C42A96009AD474B6E /* ArtefactPromoter.swift */ = {isa = PBXFileReference; lastKnownFileType = sourcecode.swift; path = ArtefactPromoter.swift; sourceTree = "<group>"; };
		1A0C75269F06EC3B0AAD2756 /* Identifiers.swift */ = {isa = PBXFileReference; lastKnownFileType = sourcecode.swift; path = Identifiers.swift; sourceTree = "<group>"; };
		1EB399BEEEDC2B36FB06B201 /* Skill.swift */ = {isa = PBXFileReference; lastKnownFileType = sourcecode.swift; path = Skill.swift; sourceTree = "<group>"; };
		20373ABD2111756D7456726E /* ArtefactTools.swift */ = {isa = PBXFileReference; lastKnownFileType = sourcecode.swift; path = ArtefactTools.swift; sourceTree = "<group>"; };
		28CB2AD08D5ED8302810E37D /* ToolTests.swift */ = {isa = PBXFileReference; lastKnownFileType = sourcecode.swift; path = ToolTests.swift; sourceTree = "<group>"; };
		2BA42A0C4D93B1D683ED9688 /* SourceRepository.swift */ = {isa = PBXFileReference; lastKnownFileType = sourcecode.swift; path = SourceRepository.swift; sourceTree = "<group>"; };
		37ED071981CBE306A01F9924 /* ArtefactStoreTests.swift */ = {isa = PBXFileReference; lastKnownFileType = sourcecode.swift; path = ArtefactStoreTests.swift; sourceTree = "<group>"; };
		383B7AAA97C2542AB5ED6BC5 /* GinnyApp.swift */ = {isa = PBXFileReference; lastKnownFileType = sourcecode.swift; path = GinnyApp.swift; sourceTree = "<group>"; };
		396160192E7309F0F87B1324 /* Diagnostics.swift */ = {isa = PBXFileReference; lastKnownFileType = sourcecode.swift; path = Diagnostics.swift; sourceTree = "<group>"; };
		3F051BDD1547D31ADD6227CA /* ChatSessionTests.swift */ = {isa = PBXFileReference; lastKnownFileType = sourcecode.swift; path = ChatSessionTests.swift; sourceTree = "<group>"; };
		3F5ED5AA1DAFAADAFD217757 /* ModelCatalogTests.swift */ = {isa = PBXFileReference; lastKnownFileType = sourcecode.swift; path = ModelCatalogTests.swift; sourceTree = "<group>"; };
		41A80C57DCA323CF3BFD719D /* ChatResponseSource.swift */ = {isa = PBXFileReference; lastKnownFileType = sourcecode.swift; path = ChatResponseSource.swift; sourceTree = "<group>"; };
		4ADDAAEE37F3676CCF6CD42C /* Info.plist */ = {isa = PBXFileReference; lastKnownFileType = text.plist; path = Info.plist; sourceTree = "<group>"; };
		515E025BD4E22E6F292A8415 /* StreamingTests.swift */ = {isa = PBXFileReference; lastKnownFileType = sourcecode.swift; path = StreamingTests.swift; sourceTree = "<group>"; };
		51AC0E71897F926D3E66A445 /* IdentifiersTests.swift */ = {isa = PBXFileReference; lastKnownFileType = sourcecode.swift; path = IdentifiersTests.swift; sourceTree = "<group>"; };
		520D06FDC0F3C84E76CDE302 /* ConversationTests.swift */ = {isa = PBXFileReference; lastKnownFileType = sourcecode.swift; path = ConversationTests.swift; sourceTree = "<group>"; };
		5511EF9430788AD21AC18B4D /* SkillTools.swift */ = {isa = PBXFileReference; lastKnownFileType = sourcecode.swift; path = SkillTools.swift; sourceTree = "<group>"; };
		56DBDCF5A45A5803E2262232 /* Provider.swift */ = {isa = PBXFileReference; lastKnownFileType = sourcecode.swift; path = Provider.swift; sourceTree = "<group>"; };
		5B99BD93E51D059B8620CBAE /* ConversationRepository.swift */ = {isa = PBXFileReference; lastKnownFileType = sourcecode.swift; path = ConversationRepository.swift; sourceTree = "<group>"; };
		604F428D68F76A14BCE9A5F5 /* RootView.swift */ = {isa = PBXFileReference; lastKnownFileType = sourcecode.swift; path = RootView.swift; sourceTree = "<group>"; };
		64ADCF866FF2251C911F33C1 /* SkillTests.swift */ = {isa = PBXFileReference; lastKnownFileType = sourcecode.swift; path = SkillTests.swift; sourceTree = "<group>"; };
		682EA6B16D010F5F5D0BCA9D /* SessionHistoryTests.swift */ = {isa = PBXFileReference; lastKnownFileType = sourcecode.swift; path = SessionHistoryTests.swift; sourceTree = "<group>"; };
		69FA948BCF63CC7B840A03A1 /* Glass.swift */ = {isa = PBXFileReference; lastKnownFileType = sourcecode.swift; path = Glass.swift; sourceTree = "<group>"; };
		6AE1B83C9D89D35DA02D78AA /* AttachmentStore.swift */ = {isa = PBXFileReference; lastKnownFileType = sourcecode.swift; path = AttachmentStore.swift; sourceTree = "<group>"; };
		6D339A7F3570FEF614C98A96 /* Source.swift */ = {isa = PBXFileReference; lastKnownFileType = sourcecode.swift; path = Source.swift; sourceTree = "<group>"; };
		6E55D1E35AE24CE87E8252A3 /* ArtefactStore.swift */ = {isa = PBXFileReference; lastKnownFileType = sourcecode.swift; path = ArtefactStore.swift; sourceTree = "<group>"; };
		7A6AB4AB0A1282F6EC908919 /* SourceImporter.swift */ = {isa = PBXFileReference; lastKnownFileType = sourcecode.swift; path = SourceImporter.swift; sourceTree = "<group>"; };
		7B81D41E0DAE7CDBDAA4A928 /* ArtefactPromotionTests.swift */ = {isa = PBXFileReference; lastKnownFileType = sourcecode.swift; path = ArtefactPromotionTests.swift; sourceTree = "<group>"; };
		7F797541B4A8887B439C6F87 /* AnthropicMessagesAdapter.swift */ = {isa = PBXFileReference; lastKnownFileType = sourcecode.swift; path = AnthropicMessagesAdapter.swift; sourceTree = "<group>"; };
		82BD921B65734CCF8933C9FF /* ModelCatalog.swift */ = {isa = PBXFileReference; lastKnownFileType = sourcecode.swift; path = ModelCatalog.swift; sourceTree = "<group>"; };
		82E49C2F53C4FB8D035BE842 /* SearchTests.swift */ = {isa = PBXFileReference; lastKnownFileType = sourcecode.swift; path = SearchTests.swift; sourceTree = "<group>"; };
		8310A3DB03DF8987619E3210 /* RelationshipRepository.swift */ = {isa = PBXFileReference; lastKnownFileType = sourcecode.swift; path = RelationshipRepository.swift; sourceTree = "<group>"; };
		8737F656370217260F93276E /* CredentialStore.swift */ = {isa = PBXFileReference; lastKnownFileType = sourcecode.swift; path = CredentialStore.swift; sourceTree = "<group>"; };
		89F5545BB8D07A7335627AE0 /* ArtefactViews.swift */ = {isa = PBXFileReference; lastKnownFileType = sourcecode.swift; path = ArtefactViews.swift; sourceTree = "<group>"; };
		8F4627A6932AFCC922D079F4 /* SSE.swift */ = {isa = PBXFileReference; lastKnownFileType = sourcecode.swift; path = SSE.swift; sourceTree = "<group>"; };
		92C5627E3E2ACC39677676CC /* GinnyTests.xctest */ = {isa = PBXFileReference; includeInIndex = 0; lastKnownFileType = wrapper.cfbundle; path = GinnyTests.xctest; sourceTree = BUILT_PRODUCTS_DIR; };
		9707D3DB741C35A3F950FA09 /* ArtefactRepository.swift */ = {isa = PBXFileReference; lastKnownFileType = sourcecode.swift; path = ArtefactRepository.swift; sourceTree = "<group>"; };
		9BB2447D13B76740668BC849 /* ContentBlockRendering.swift */ = {isa = PBXFileReference; lastKnownFileType = sourcecode.swift; path = ContentBlockRendering.swift; sourceTree = "<group>"; };
		9C5F3D001DDEDF4A6E841857 /* SessionHistoryStore.swift */ = {isa = PBXFileReference; lastKnownFileType = sourcecode.swift; path = SessionHistoryStore.swift; sourceTree = "<group>"; };
		A4ACDAF24D1C1D2DF8B64C20 /* AgentInstructions.swift */ = {isa = PBXFileReference; lastKnownFileType = sourcecode.swift; path = AgentInstructions.swift; sourceTree = "<group>"; };
		AA14B4BF60B6010216E83851 /* AppDependencies.swift */ = {isa = PBXFileReference; lastKnownFileType = sourcecode.swift; path = AppDependencies.swift; sourceTree = "<group>"; };
		AC5EC4A9CD4C888672B6F3F3 /* Relationship.swift */ = {isa = PBXFileReference; lastKnownFileType = sourcecode.swift; path = Relationship.swift; sourceTree = "<group>"; };
		B2612F3084E164C0A80744CD /* Artefact.swift */ = {isa = PBXFileReference; lastKnownFileType = sourcecode.swift; path = Artefact.swift; sourceTree = "<group>"; };
		B443D54FD19829036654EEFA /* OpenAICompatibleAdapter.swift */ = {isa = PBXFileReference; lastKnownFileType = sourcecode.swift; path = OpenAICompatibleAdapter.swift; sourceTree = "<group>"; };
		B6A2FB8E617D55DBAD72F68F /* SourceTests.swift */ = {isa = PBXFileReference; lastKnownFileType = sourcecode.swift; path = SourceTests.swift; sourceTree = "<group>"; };
		B805DE7BA30FB3F2455025C1 /* ContextTests.swift */ = {isa = PBXFileReference; lastKnownFileType = sourcecode.swift; path = ContextTests.swift; sourceTree = "<group>"; };
		BC3BE2A68BF26E51089F0FA0 /* Exporters.swift */ = {isa = PBXFileReference; lastKnownFileType = sourcecode.swift; path = Exporters.swift; sourceTree = "<group>"; };
		C01DC86C6D4A5429571348B7 /* ThemeTests.swift */ = {isa = PBXFileReference; lastKnownFileType = sourcecode.swift; path = ThemeTests.swift; sourceTree = "<group>"; };
		C22AE8DFC71A2A8813F3DF56 /* Theme.swift */ = {isa = PBXFileReference; lastKnownFileType = sourcecode.swift; path = Theme.swift; sourceTree = "<group>"; };
		C3350EE57DD17E55714512F7 /* Search.swift */ = {isa = PBXFileReference; lastKnownFileType = sourcecode.swift; path = Search.swift; sourceTree = "<group>"; };
		C4622D72389852D888EE9495 /* Ginny.app */ = {isa = PBXFileReference; includeInIndex = 0; lastKnownFileType = wrapper.application; path = Ginny.app; sourceTree = BUILT_PRODUCTS_DIR; };
		D071DD6B51C7DC0FE829F737 /* ContentBlockTests.swift */ = {isa = PBXFileReference; lastKnownFileType = sourcecode.swift; path = ContentBlockTests.swift; sourceTree = "<group>"; };
		D47D54403317B0C02D8EE4F6 /* ChatView.swift */ = {isa = PBXFileReference; lastKnownFileType = sourcecode.swift; path = ChatView.swift; sourceTree = "<group>"; };
		D633C99839F2015E2F41F17F /* ChatSession.swift */ = {isa = PBXFileReference; lastKnownFileType = sourcecode.swift; path = ChatSession.swift; sourceTree = "<group>"; };
		D7E049B26B880CD376A0C74E /* ImportExportTests.swift */ = {isa = PBXFileReference; lastKnownFileType = sourcecode.swift; path = ImportExportTests.swift; sourceTree = "<group>"; };
		DA6EBF2B6BCDAACED8E2E932 /* ArtefactTests.swift */ = {isa = PBXFileReference; lastKnownFileType = sourcecode.swift; path = ArtefactTests.swift; sourceTree = "<group>"; };
		DC2D3D50F5F50ABAC6DD772D /* theme_manifest.json */ = {isa = PBXFileReference; lastKnownFileType = text.json; path = theme_manifest.json; sourceTree = "<group>"; };
		ED5B56B84488FBF598916DDB /* Conversation.swift */ = {isa = PBXFileReference; lastKnownFileType = sourcecode.swift; path = Conversation.swift; sourceTree = "<group>"; };
		FE47BB9A631374B3EDB80A39 /* StreamingTransport.swift */ = {isa = PBXFileReference; lastKnownFileType = sourcecode.swift; path = StreamingTransport.swift; sourceTree = "<group>"; };
		B10000000000000000000001 /* GinnyLiveActivityAttributes.swift */ = {isa = PBXFileReference; lastKnownFileType = sourcecode.swift; path = GinnyLiveActivityAttributes.swift; sourceTree = "<group>"; };
		B10000000000000000000002 /* LiveActivityController.swift */ = {isa = PBXFileReference; lastKnownFileType = sourcecode.swift; path = LiveActivityController.swift; sourceTree = "<group>"; };
		B10000000000000000000003 /* GinnyLiveActivityWidget.swift */ = {isa = PBXFileReference; lastKnownFileType = sourcecode.swift; path = GinnyLiveActivityWidget.swift; sourceTree = "<group>"; };
		B10000000000000000000004 /* Info.plist */ = {isa = PBXFileReference; lastKnownFileType = text.plist; path = Info.plist; sourceTree = "<group>"; };
		B10000000000000000000005 /* GinnyLiveActivity.appex */ = {isa = PBXFileReference; explicitFileType = wrapper.app-extension; includeInIndex = 0; path = GinnyLiveActivity.appex; sourceTree = BUILT_PRODUCTS_DIR; };
		B20000000000000000000001 /* WebSearchTools.swift */ = {isa = PBXFileReference; lastKnownFileType = sourcecode.swift; path = WebSearchTools.swift; sourceTree = "<group>"; };
		B20000000000000000000002 /* WebSearch.swift */ = {isa = PBXFileReference; lastKnownFileType = sourcecode.swift; path = WebSearch.swift; sourceTree = "<group>"; };
		B20000000000000000000003 /* CitationRepository.swift */ = {isa = PBXFileReference; lastKnownFileType = sourcecode.swift; path = CitationRepository.swift; sourceTree = "<group>"; };
		B20000000000000000000004 /* ContextRepository.swift */ = {isa = PBXFileReference; lastKnownFileType = sourcecode.swift; path = ContextRepository.swift; sourceTree = "<group>"; };
		B20000000000000000000005 /* ContextStore.swift */ = {isa = PBXFileReference; lastKnownFileType = sourcecode.swift; path = ContextStore.swift; sourceTree = "<group>"; };
		B30000000000000000000001 /* ChatActivityViews.swift */ = {isa = PBXFileReference; lastKnownFileType = sourcecode.swift; path = ChatActivityViews.swift; sourceTree = "<group>"; };
		B30000000000000000000002 /* ContextViews.swift */ = {isa = PBXFileReference; lastKnownFileType = sourcecode.swift; path = ContextViews.swift; sourceTree = "<group>"; };
		B30000000000000000000003 /* WorkspaceSearchView.swift */ = {isa = PBXFileReference; lastKnownFileType = sourcecode.swift; path = WorkspaceSearchView.swift; sourceTree = "<group>"; };
		F30000000000000000000001 /* GinnyUITests.swift */ = {isa = PBXFileReference; lastKnownFileType = sourcecode.swift; path = GinnyUITests.swift; sourceTree = "<group>"; };
		F30000000000000000000002 /* GinnyUITests.xctest */ = {isa = PBXFileReference; explicitFileType = wrapper.cfbundle; includeInIndex = 0; path = GinnyUITests.xctest; sourceTree = BUILT_PRODUCTS_DIR; };
/* End PBXFileReference section */

/* Begin PBXFrameworksBuildPhase section */
		2705513022430BE01CA0510C /* Frameworks */ = {
			isa = PBXFrameworksBuildPhase;
			buildActionMask = 2147483647;
			files = (
				CBCF7264B81A5BD1ABA7C0E3 /* SwiftStreamingMarkdown in Frameworks */,
			);
			runOnlyForDeploymentPostprocessing = 0;
		};
		D10000000000000000000003 /* Frameworks */ = {
			isa = PBXFrameworksBuildPhase;
			buildActionMask = 2147483647;
			files = (
			);
			runOnlyForDeploymentPostprocessing = 0;
		};
/* End PBXFrameworksBuildPhase section */

/* Begin PBXCopyFilesBuildPhase section */
		D10000000000000000000004 /* Embed Foundation Extensions */ = {
			isa = PBXCopyFilesBuildPhase;
			buildActionMask = 2147483647;
			dstPath = "";
			dstSubfolderSpec = 13;
			files = (
				A10000000000000000000005 /* GinnyLiveActivity.appex in Embed Foundation Extensions */,
			);
			name = "Embed Foundation Extensions";
			runOnlyForDeploymentPostprocessing = 0;
		};
/* End PBXCopyFilesBuildPhase section */

/* Begin PBXGroup section */
		1C4AEF37B0F3C72D81911EC2 /* Application */ = {
			isa = PBXGroup;
			children = (
				A4ACDAF24D1C1D2DF8B64C20 /* AgentInstructions.swift */,
				AA14B4BF60B6010216E83851 /* AppDependencies.swift */,
				18956D9C42A96009AD474B6E /* ArtefactPromoter.swift */,
				6E55D1E35AE24CE87E8252A3 /* ArtefactStore.swift */,
				20373ABD2111756D7456726E /* ArtefactTools.swift */,
				D633C99839F2015E2F41F17F /* ChatSession.swift */,
				B20000000000000000000005 /* ContextStore.swift */,
				B10000000000000000000002 /* LiveActivityController.swift */,
				BC3BE2A68BF26E51089F0FA0 /* Exporters.swift */,
				0BE22D2E536A10834A57D8E5 /* ProviderSettings.swift */,
				9C5F3D001DDEDF4A6E841857 /* SessionHistoryStore.swift */,
				5511EF9430788AD21AC18B4D /* SkillTools.swift */,
				7A6AB4AB0A1282F6EC908919 /* SourceImporter.swift */,
				01F16D2B7BFAA0C3A560D9FE /* ToolRegistry.swift */,
				B20000000000000000000001 /* WebSearchTools.swift */,
			);
			path = Application;
			sourceTree = "<group>";
		};
		3F2E3A463EC9A0D4CD77FD33 /* Presentation */ = {
			isa = PBXGroup;
			children = (
				89F5545BB8D07A7335627AE0 /* ArtefactViews.swift */,
				B30000000000000000000001 /* ChatActivityViews.swift */,
				B30000000000000000000002 /* ContextViews.swift */,
				B30000000000000000000003 /* WorkspaceSearchView.swift */,
				41A80C57DCA323CF3BFD719D /* ChatResponseSource.swift */,
				D47D54403317B0C02D8EE4F6 /* ChatView.swift */,
				9BB2447D13B76740668BC849 /* ContentBlockRendering.swift */,
				69FA948BCF63CC7B840A03A1 /* Glass.swift */,
				604F428D68F76A14BCE9A5F5 /* RootView.swift */,
				C22AE8DFC71A2A8813F3DF56 /* Theme.swift */,
			);
			path = Presentation;
			sourceTree = "<group>";
		};
		5557745ADCC3C1C0940861A6 = {
			isa = PBXGroup;
			children = (
				DC2D3D50F5F50ABAC6DD772D /* theme_manifest.json */,
				6367FEC595B74A9399415B18 /* Ginny */,
				C10000000000000000000001 /* GinnyLiveActivity */,
				DBB2D52842EEE777932F5F26 /* GinnyTests */,
				F40000000000000000000001 /* GinnyUITests */,
				B2FEE8F6D7EAB5211AE095BC /* Products */,
			);
			sourceTree = "<group>";
		};
		62FA47A6D31169E02A185374 /* Persistence */ = {
			isa = PBXGroup;
			children = (
				B20000000000000000000003 /* CitationRepository.swift */,
				B20000000000000000000004 /* ContextRepository.swift */,
				9707D3DB741C35A3F950FA09 /* ArtefactRepository.swift */,
				6AE1B83C9D89D35DA02D78AA /* AttachmentStore.swift */,
				5B99BD93E51D059B8620CBAE /* ConversationRepository.swift */,
				8310A3DB03DF8987619E3210 /* RelationshipRepository.swift */,
				2BA42A0C4D93B1D683ED9688 /* SourceRepository.swift */,
			);
			path = Persistence;
			sourceTree = "<group>";
		};
		6367FEC595B74A9399415B18 /* Ginny */ = {
			isa = PBXGroup;
			children = (
				383B7AAA97C2542AB5ED6BC5 /* GinnyApp.swift */,
				4ADDAAEE37F3676CCF6CD42C /* Info.plist */,
				1C4AEF37B0F3C72D81911EC2 /* Application */,
				A3B19236F7232A5A89CB709F /* Domain */,
				DA04ADBF3E90386BABE4CDC9 /* Infrastructure */,
				3F2E3A463EC9A0D4CD77FD33 /* Presentation */,
			);
			path = Ginny;
			sourceTree = "<group>";
		};
		7197E2DD947F5583E44EBBE5 /* Providers */ = {
			isa = PBXGroup;
			children = (
				7F797541B4A8887B439C6F87 /* AnthropicMessagesAdapter.swift */,
				82BD921B65734CCF8933C9FF /* ModelCatalog.swift */,
				B443D54FD19829036654EEFA /* OpenAICompatibleAdapter.swift */,
				B20000000000000000000002 /* WebSearch.swift */,
			);
			path = Providers;
			sourceTree = "<group>";
		};
		A1D7662A4F377A97B5A7DA8D /* Security */ = {
			isa = PBXGroup;
			children = (
				8737F656370217260F93276E /* CredentialStore.swift */,
			);
			path = Security;
			sourceTree = "<group>";
		};
		A3B19236F7232A5A89CB709F /* Domain */ = {
			isa = PBXGroup;
			children = (
				B2612F3084E164C0A80744CD /* Artefact.swift */,
				15C80E07053B6C5F27ED28C6 /* Context.swift */,
				ED5B56B84488FBF598916DDB /* Conversation.swift */,
				396160192E7309F0F87B1324 /* Diagnostics.swift */,
				0DFD9A01E29499FED37F1DA2 /* DiagramCraftSkill.swift */,
				B10000000000000000000001 /* GinnyLiveActivityAttributes.swift */,
				1A0C75269F06EC3B0AAD2756 /* Identifiers.swift */,
				56DBDCF5A45A5803E2262232 /* Provider.swift */,
				AC5EC4A9CD4C888672B6F3F3 /* Relationship.swift */,
				C3350EE57DD17E55714512F7 /* Search.swift */,
				1EB399BEEEDC2B36FB06B201 /* Skill.swift */,
				6D339A7F3570FEF614C98A96 /* Source.swift */,
			);
			path = Domain;
			sourceTree = "<group>";
		};
		B2FEE8F6D7EAB5211AE095BC /* Products */ = {
			isa = PBXGroup;
			children = (
				C4622D72389852D888EE9495 /* Ginny.app */,
				B10000000000000000000005 /* GinnyLiveActivity.appex */,
				92C5627E3E2ACC39677676CC /* GinnyTests.xctest */,
				F30000000000000000000002 /* GinnyUITests.xctest */,
			);
			name = Products;
			sourceTree = "<group>";
		};
		B507DF5C905CBFD2BDB7F237 /* Streaming */ = {
			isa = PBXGroup;
			children = (
				8F4627A6932AFCC922D079F4 /* SSE.swift */,
				FE47BB9A631374B3EDB80A39 /* StreamingTransport.swift */,
			);
			path = Streaming;
			sourceTree = "<group>";
		};
		DA04ADBF3E90386BABE4CDC9 /* Infrastructure */ = {
			isa = PBXGroup;
			children = (
				62FA47A6D31169E02A185374 /* Persistence */,
				7197E2DD947F5583E44EBBE5 /* Providers */,
				A1D7662A4F377A97B5A7DA8D /* Security */,
				B507DF5C905CBFD2BDB7F237 /* Streaming */,
			);
			path = Infrastructure;
			sourceTree = "<group>";
		};
		DBB2D52842EEE777932F5F26 /* GinnyTests */ = {
			isa = PBXGroup;
			children = (
				7B81D41E0DAE7CDBDAA4A928 /* ArtefactPromotionTests.swift */,
				1630D093BE954BE1D98C3247 /* ArtefactRepositoryTests.swift */,
				37ED071981CBE306A01F9924 /* ArtefactStoreTests.swift */,
				DA6EBF2B6BCDAACED8E2E932 /* ArtefactTests.swift */,
				3F051BDD1547D31ADD6227CA /* ChatSessionTests.swift */,
				D071DD6B51C7DC0FE829F737 /* ContentBlockTests.swift */,
				B805DE7BA30FB3F2455025C1 /* ContextTests.swift */,
				520D06FDC0F3C84E76CDE302 /* ConversationTests.swift */,
				02A119BABCCC0541A86F0FEE /* DiagnosticsTests.swift */,
				51AC0E71897F926D3E66A445 /* IdentifiersTests.swift */,
				D7E049B26B880CD376A0C74E /* ImportExportTests.swift */,
				3F5ED5AA1DAFAADAFD217757 /* ModelCatalogTests.swift */,
				08C8F3956963A5DBB935220F /* ProviderSettingsTests.swift */,
				0A29CDA78FB9A8DA89D6C38C /* RelationshipTests.swift */,
				82E49C2F53C4FB8D035BE842 /* SearchTests.swift */,
				682EA6B16D010F5F5D0BCA9D /* SessionHistoryTests.swift */,
				64ADCF866FF2251C911F33C1 /* SkillTests.swift */,
				B6A2FB8E617D55DBAD72F68F /* SourceTests.swift */,
				515E025BD4E22E6F292A8415 /* StreamingTests.swift */,
				C01DC86C6D4A5429571348B7 /* ThemeTests.swift */,
				28CB2AD08D5ED8302810E37D /* ToolTests.swift */,
			);
			path = GinnyTests;
			sourceTree = "<group>";
		};
		F40000000000000000000001 /* GinnyUITests */ = {
			isa = PBXGroup;
			children = (
				F30000000000000000000001 /* GinnyUITests.swift */,
			);
			path = GinnyUITests;
			sourceTree = "<group>";
		};
		C10000000000000000000001 /* GinnyLiveActivity */ = {
			isa = PBXGroup;
			children = (
				B10000000000000000000003 /* GinnyLiveActivityWidget.swift */,
				B10000000000000000000004 /* Info.plist */,
			);
			path = GinnyLiveActivity;
			sourceTree = "<group>";
		};
/* End PBXGroup section */

/* Begin PBXNativeTarget section */
		0AEBED158889DE2A3984B81A /* Ginny */ = {
			isa = PBXNativeTarget;
			buildConfigurationList = 205C1EF656B6F48B95F4E84D /* Build configuration list for PBXNativeTarget "Ginny" */;
			buildPhases = (
				0A8F43BD9A49FAEC78FFBF4A /* Sources */,
				90D46DC83C3CF727525A8408 /* Resources */,
				2705513022430BE01CA0510C /* Frameworks */,
				D10000000000000000000004 /* Embed Foundation Extensions */,
			);
			buildRules = (
			);
			dependencies = (
				D10000000000000000000006 /* PBXTargetDependency */,
			);
			name = Ginny;
			packageProductDependencies = (
				BF8D6C77705725ED96320C4C /* SwiftStreamingMarkdown */,
			);
			productName = Ginny;
			productReference = C4622D72389852D888EE9495 /* Ginny.app */;
			productType = "com.apple.product-type.application";
		};
		E10000000000000000000001 /* GinnyLiveActivity */ = {
			isa = PBXNativeTarget;
			buildConfigurationList = F10000000000000000000003 /* Build configuration list for PBXNativeTarget "GinnyLiveActivity" */;
			buildPhases = (
				D10000000000000000000001 /* Sources */,
				D10000000000000000000002 /* Resources */,
				D10000000000000000000003 /* Frameworks */,
			);
			buildRules = (
			);
			dependencies = (
			);
			name = GinnyLiveActivity;
			productName = GinnyLiveActivity;
			productReference = B10000000000000000000005 /* GinnyLiveActivity.appex */;
			productType = "com.apple.product-type.app-extension";
		};
		38639F0C01A9B32D52BBFA47 /* GinnyTests */ = {
			isa = PBXNativeTarget;
			buildConfigurationList = BD7255DD38A86FB56AF75BEE /* Build configuration list for PBXNativeTarget "GinnyTests" */;
			buildPhases = (
				0726B0D2DD8367B25E39E977 /* Sources */,
			);
			buildRules = (
			);
			dependencies = (
				BE216AE9894CB4AB01485748 /* PBXTargetDependency */,
			);
			name = GinnyTests;
			packageProductDependencies = (
			);
			productName = GinnyTests;
			productReference = 92C5627E3E2ACC39677676CC /* GinnyTests.xctest */;
			productType = "com.apple.product-type.bundle.unit-test";
		};
		F60000000000000000000001 /* GinnyUITests */ = {
			isa = PBXNativeTarget;
			buildConfigurationList = F70000000000000000000001 /* Build configuration list for PBXNativeTarget "GinnyUITests" */;
			buildPhases = (
				F50000000000000000000001 /* Sources */,
			);
			buildRules = (
			);
			dependencies = (
				F90000000000000000000002 /* PBXTargetDependency */,
			);
			name = GinnyUITests;
			productName = GinnyUITests;
			productReference = F30000000000000000000002 /* GinnyUITests.xctest */;
			productType = "com.apple.product-type.bundle.ui-testing";
		};
/* End PBXNativeTarget section */

/* Begin PBXProject section */
		623794BEDAB75D309DC84F2C /* Project object */ = {
			isa = PBXProject;
			attributes = {
				BuildIndependentTargetsInParallel = YES;
				LastUpgradeCheck = 1430;
				TargetAttributes = {
					0AEBED158889DE2A3984B81A = {
						DevelopmentTeam = P2B3GABB6H;
					};
					E10000000000000000000001 = {
						DevelopmentTeam = P2B3GABB6H;
					};
				};
			};
			buildConfigurationList = 2CBEE4EB06223A9D65AF775C /* Build configuration list for PBXProject "Ginny" */;
			developmentRegion = en;
			hasScannedForEncodings = 0;
			knownRegions = (
				Base,
				en,
			);
			mainGroup = 5557745ADCC3C1C0940861A6;
			minimizedProjectReferenceProxies = 1;
			packageReferences = (
				05FDBFA513F800E81A112DA8 /* XCRemoteSwiftPackageReference "SwiftStreamingMarkdown" */,
			);
			preferredProjectObjectVersion = 77;
			productRefGroup = B2FEE8F6D7EAB5211AE095BC /* Products */;
			projectDirPath = "";
			projectRoot = "";
			targets = (
				0AEBED158889DE2A3984B81A /* Ginny */,
				E10000000000000000000001 /* GinnyLiveActivity */,
				38639F0C01A9B32D52BBFA47 /* GinnyTests */,
				F60000000000000000000001 /* GinnyUITests */,
			);
		};
/* End PBXProject section */

/* Begin PBXResourcesBuildPhase section */
		90D46DC83C3CF727525A8408 /* Resources */ = {
			isa = PBXResourcesBuildPhase;
			buildActionMask = 2147483647;
			files = (
				064FD2EEF2D193565C2F38A3 /* theme_manifest.json in Resources */,
			);
			runOnlyForDeploymentPostprocessing = 0;
		};
		D10000000000000000000002 /* Resources */ = {
			isa = PBXResourcesBuildPhase;
			buildActionMask = 2147483647;
			files = (
			);
			runOnlyForDeploymentPostprocessing = 0;
		};
/* End PBXResourcesBuildPhase section */

/* Begin PBXSourcesBuildPhase section */
		0726B0D2DD8367B25E39E977 /* Sources */ = {
			isa = PBXSourcesBuildPhase;
			buildActionMask = 2147483647;
			files = (
				C65B5081BF58A6412278D4B7 /* ArtefactPromotionTests.swift in Sources */,
				F074A2C094D69AAD05EDF3F2 /* ArtefactRepositoryTests.swift in Sources */,
				D86BD3AF52C650FAE51945C4 /* ArtefactStoreTests.swift in Sources */,
				48DF75E429E34F3701F145A8 /* ArtefactTests.swift in Sources */,
				EB3FA2229ACB08DCFC53DCD7 /* ChatSessionTests.swift in Sources */,
				774CAC785BCE6DFA310C6AAB /* ContentBlockTests.swift in Sources */,
				D58E385144AC57D91049E636 /* ContextTests.swift in Sources */,
				2905AF83E4199D45F911F9A9 /* ConversationTests.swift in Sources */,
				4EB0B4515BC0E4574B9E8117 /* DiagnosticsTests.swift in Sources */,
				1B1F268C9B72AC255309FA8E /* IdentifiersTests.swift in Sources */,
				47AF6ADD4E85E1518803F318 /* ImportExportTests.swift in Sources */,
				4F31C594778B2E83D581A951 /* ModelCatalogTests.swift in Sources */,
				F0DE5293B1A15136EED8AC3E /* ProviderSettingsTests.swift in Sources */,
				59E547C398526A5FF6A0347B /* RelationshipTests.swift in Sources */,
				CC5B35E88C8788DE8EF35BBA /* SearchTests.swift in Sources */,
				14140B1EC5B7607184FF42E6 /* SessionHistoryTests.swift in Sources */,
				25978B844940E79DF16393C9 /* SkillTests.swift in Sources */,
				07B69295F978199836DD398D /* SourceTests.swift in Sources */,
				9B413C9202E8F998E5B5D05A /* StreamingTests.swift in Sources */,
				BA8FB63868CF70FA8D325975 /* ThemeTests.swift in Sources */,
				BB580858294F3113E5668110 /* ToolTests.swift in Sources */,
			);
			runOnlyForDeploymentPostprocessing = 0;
		};
		0A8F43BD9A49FAEC78FFBF4A /* Sources */ = {
			isa = PBXSourcesBuildPhase;
			buildActionMask = 2147483647;
			files = (
				DD5DABB68CE6EB932D5A65BF /* AgentInstructions.swift in Sources */,
				56D04DC70D798BA1A6276A61 /* AnthropicMessagesAdapter.swift in Sources */,
				C1B902A10125675DBDF43027 /* AppDependencies.swift in Sources */,
				999E2D80366874B0EF14E431 /* Artefact.swift in Sources */,
				95AA2C599BF497F2A4148E22 /* ArtefactPromoter.swift in Sources */,
				264D29FF249882B12D58FC85 /* ArtefactRepository.swift in Sources */,
				1A491F02447C88CB1C131547 /* ArtefactStore.swift in Sources */,
				88021DA26FD94883FBC66302 /* ArtefactTools.swift in Sources */,
				B6FC532F089D33BA8E427746 /* ArtefactViews.swift in Sources */,
				2C3B8186145EFFC7C01176BA /* AttachmentStore.swift in Sources */,
				A30000000000000000000001 /* ChatActivityViews.swift in Sources */,
				A30000000000000000000002 /* ContextViews.swift in Sources */,
				A30000000000000000000003 /* WorkspaceSearchView.swift in Sources */,
				18323BF2E3DE03BD2E9D2E95 /* ChatResponseSource.swift in Sources */,
				515F15C24F514223EE7C06AC /* ChatSession.swift in Sources */,
				A20000000000000000000005 /* ContextStore.swift in Sources */,
				931DF029769AF70E2FE471EE /* ChatView.swift in Sources */,
				A10000000000000000000002 /* LiveActivityController.swift in Sources */,
				33AED704E1BCE03E6E0E09E0 /* ContentBlockRendering.swift in Sources */,
				3ACCCA454086C9CF5F82A19C /* Context.swift in Sources */,
				D2BA3C147930FC0D8B3F9923 /* Conversation.swift in Sources */,
				A10000000000000000000001 /* GinnyLiveActivityAttributes.swift in Sources */,
				48581DCD3065254370E583FE /* ConversationRepository.swift in Sources */,
				B01CFF6ED6A68A558D3CB3FA /* CredentialStore.swift in Sources */,
				803BD71F77F13C6ED1BD96F0 /* Diagnostics.swift in Sources */,
				D60072509CB892EDD6D1F83A /* DiagramCraftSkill.swift in Sources */,
				245B149ADCD9AF4513964DAD /* Exporters.swift in Sources */,
				66C73CF757CE8A01BCA2C2C7 /* GinnyApp.swift in Sources */,
				D9BEB6E6A505D06E41A6B43D /* Glass.swift in Sources */,
				78ECC8D8DE069DCB2EDC7B87 /* Identifiers.swift in Sources */,
				41D19214FF2E191CE77F83A1 /* ModelCatalog.swift in Sources */,
				92B12C300FAF9C2E0E3485B3 /* OpenAICompatibleAdapter.swift in Sources */,
				1460F8A2A269DAAA4905B4B6 /* Provider.swift in Sources */,
				977F8ABC1324F32138346E20 /* ProviderSettings.swift in Sources */,
				8C35A6719FB2C60C52EB783B /* Relationship.swift in Sources */,
				0BCB53711FDA300330BAE305 /* RelationshipRepository.swift in Sources */,
				CFD2820648D9A8933EA72451 /* RootView.swift in Sources */,
				43C0DF8434750116FD40D971 /* SSE.swift in Sources */,
				F71A84DAAC1E6004B0BF2BE4 /* Search.swift in Sources */,
				8D711B7A9BCF2C157427E7AE /* SessionHistoryStore.swift in Sources */,
				D770B6E0CC668F94B3E39034 /* Skill.swift in Sources */,
				7664DB8F08EAF056798B9779 /* SkillTools.swift in Sources */,
				BE022E83591A9DFB8B61E301 /* Source.swift in Sources */,
				9D26EBCA00DE43693BF285B6 /* SourceImporter.swift in Sources */,
				553DD5EAE82065CA355E2514 /* SourceRepository.swift in Sources */,
				586A6E3717047F4B33BFDB71 /* StreamingTransport.swift in Sources */,
				24C1EBB267687B9B38781BB8 /* Theme.swift in Sources */,
				5CB9D914FFB636615F434EC6 /* ToolRegistry.swift in Sources */,
				A20000000000000000000001 /* WebSearchTools.swift in Sources */,
				A20000000000000000000002 /* WebSearch.swift in Sources */,
				A20000000000000000000003 /* CitationRepository.swift in Sources */,
				A20000000000000000000004 /* ContextRepository.swift in Sources */,
			);
			runOnlyForDeploymentPostprocessing = 0;
		};
		F50000000000000000000001 /* Sources */ = {
			isa = PBXSourcesBuildPhase;
			buildActionMask = 2147483647;
			files = (
				F20000000000000000000001 /* GinnyUITests.swift in Sources */,
			);
			runOnlyForDeploymentPostprocessing = 0;
		};
		D10000000000000000000001 /* Sources */ = {
			isa = PBXSourcesBuildPhase;
			buildActionMask = 2147483647;
			files = (
				A10000000000000000000003 /* GinnyLiveActivityAttributes.swift in Sources */,
				A10000000000000000000004 /* GinnyLiveActivityWidget.swift in Sources */,
			);
			runOnlyForDeploymentPostprocessing = 0;
		};
/* End PBXSourcesBuildPhase section */

/* Begin PBXTargetDependency section */
		BE216AE9894CB4AB01485748 /* PBXTargetDependency */ = {
			isa = PBXTargetDependency;
			target = 0AEBED158889DE2A3984B81A /* Ginny */;
			targetProxy = 07D610BA248542447DCC26AB /* PBXContainerItemProxy */;
		};
		D10000000000000000000006 /* PBXTargetDependency */ = {
			isa = PBXTargetDependency;
			target = E10000000000000000000001 /* GinnyLiveActivity */;
			targetProxy = 110000000000000000000001 /* PBXContainerItemProxy */;
		};
		F90000000000000000000002 /* PBXTargetDependency */ = {
			isa = PBXTargetDependency;
			target = 0AEBED158889DE2A3984B81A /* Ginny */;
			targetProxy = F90000000000000000000001 /* PBXContainerItemProxy */;
		};
/* End PBXTargetDependency section */

/* Begin XCBuildConfiguration section */
		1AAA22785CA359715287F3A4 /* Debug */ = {
			isa = XCBuildConfiguration;
			buildSettings = {
				ASSETCATALOG_COMPILER_APPICON_NAME = AppIcon;
				CODE_SIGN_IDENTITY = "iPhone Developer";
				DEVELOPMENT_TEAM = P2B3GABB6H;
				INFOPLIST_FILE = Ginny/Info.plist;
				LD_RUNPATH_SEARCH_PATHS = (
					"$(inherited)",
					"@executable_path/Frameworks",
				);
				PRODUCT_BUNDLE_IDENTIFIER = fm.teal.ginny;
				SDKROOT = iphoneos;
				TARGETED_DEVICE_FAMILY = "1,2";
			};
			name = Debug;
		};
		2D7B6E95810CEB9343BE4959 /* Debug */ = {
			isa = XCBuildConfiguration;
			buildSettings = {
				ALWAYS_SEARCH_USER_PATHS = NO;
				CLANG_ANALYZER_NONNULL = YES;
				CLANG_ANALYZER_NUMBER_OBJECT_CONVERSION = YES_AGGRESSIVE;
				CLANG_CXX_LANGUAGE_STANDARD = "gnu++14";
				CLANG_CXX_LIBRARY = "libc++";
				CLANG_ENABLE_MODULES = YES;
				CLANG_ENABLE_OBJC_ARC = YES;
				CLANG_ENABLE_OBJC_WEAK = YES;
				CLANG_WARN_BLOCK_CAPTURE_AUTORELEASING = YES;
				CLANG_WARN_BOOL_CONVERSION = YES;
				CLANG_WARN_COMMA = YES;
				CLANG_WARN_CONSTANT_CONVERSION = YES;
				CLANG_WARN_DEPRECATED_OBJC_IMPLEMENTATIONS = YES;
				CLANG_WARN_DIRECT_OBJC_ISA_USAGE = YES_ERROR;
				CLANG_WARN_DOCUMENTATION_COMMENTS = YES;
				CLANG_WARN_EMPTY_BODY = YES;
				CLANG_WARN_ENUM_CONVERSION = YES;
				CLANG_WARN_INFINITE_RECURSION = YES;
				CLANG_WARN_INT_CONVERSION = YES;
				CLANG_WARN_NON_LITERAL_NULL_CONVERSION = YES;
				CLANG_WARN_OBJC_IMPLICIT_RETAIN_SELF = YES;
				CLANG_WARN_OBJC_LITERAL_CONVERSION = YES;
				CLANG_WARN_OBJC_ROOT_CLASS = YES_ERROR;
				CLANG_WARN_QUOTED_INCLUDE_IN_FRAMEWORK_HEADER = YES;
				CLANG_WARN_RANGE_LOOP_ANALYSIS = YES;
				CLANG_WARN_STRICT_PROTOTYPES = YES;
				CLANG_WARN_SUSPICIOUS_MOVE = YES;
				CLANG_WARN_UNGUARDED_AVAILABILITY = YES_AGGRESSIVE;
				CLANG_WARN_UNREACHABLE_CODE = YES;
				CLANG_WARN__DUPLICATE_METHOD_MATCH = YES;
				COPY_PHASE_STRIP = NO;
				DEBUG_INFORMATION_FORMAT = dwarf;
				ENABLE_STRICT_OBJC_MSGSEND = YES;
				ENABLE_TESTABILITY = YES;
				GCC_C_LANGUAGE_STANDARD = gnu11;
				GCC_DYNAMIC_NO_PIC = NO;
				GCC_NO_COMMON_BLOCKS = YES;
				GCC_OPTIMIZATION_LEVEL = 0;
				GCC_PREPROCESSOR_DEFINITIONS = (
					"$(inherited)",
					"DEBUG=1",
				);
				GCC_WARN_64_TO_32_BIT_CONVERSION = YES;
				GCC_WARN_ABOUT_RETURN_TYPE = YES_ERROR;
				GCC_WARN_UNDECLARED_SELECTOR = YES;
				GCC_WARN_UNINITIALIZED_AUTOS = YES_AGGRESSIVE;
				GCC_WARN_UNUSED_FUNCTION = YES;
				GCC_WARN_UNUSED_VARIABLE = YES;
				IPHONEOS_DEPLOYMENT_TARGET = 26.0;
				MTL_ENABLE_DEBUG_INFO = INCLUDE_SOURCE;
				MTL_FAST_MATH = YES;
				ONLY_ACTIVE_ARCH = YES;
				PRODUCT_NAME = "$(TARGET_NAME)";
				SDKROOT = iphoneos;
				SWIFT_ACTIVE_COMPILATION_CONDITIONS = DEBUG;
				SWIFT_OPTIMIZATION_LEVEL = "-Onone";
				SWIFT_STRICT_CONCURRENCY = complete;
				SWIFT_VERSION = 6.0;
			};
			name = Debug;
		};
		6CA40A043AC51B07CC4ACDD6 /* Debug */ = {
			isa = XCBuildConfiguration;
			buildSettings = {
				BUNDLE_LOADER = "$(TEST_HOST)";
				GENERATE_INFOPLIST_FILE = YES;
				LD_RUNPATH_SEARCH_PATHS = (
					"$(inherited)",
					"@executable_path/Frameworks",
					"@loader_path/Frameworks",
				);
				PRODUCT_BUNDLE_IDENTIFIER = com.ginny.tests;
				SDKROOT = iphoneos;
				TARGETED_DEVICE_FAMILY = "1,2";
				TEST_HOST = "$(BUILT_PRODUCTS_DIR)/Ginny.app/Ginny";
			};
			name = Debug;
		};
		C8368B12E4C6CCCF545086B0 /* Release */ = {
			isa = XCBuildConfiguration;
			buildSettings = {
				BUNDLE_LOADER = "$(TEST_HOST)";
				GENERATE_INFOPLIST_FILE = YES;
				LD_RUNPATH_SEARCH_PATHS = (
					"$(inherited)",
					"@executable_path/Frameworks",
					"@loader_path/Frameworks",
				);
				PRODUCT_BUNDLE_IDENTIFIER = com.ginny.tests;
				SDKROOT = iphoneos;
				TARGETED_DEVICE_FAMILY = "1,2";
				TEST_HOST = "$(BUILT_PRODUCTS_DIR)/Ginny.app/Ginny";
			};
			name = Release;
		};
		E103EA936142AB1B66E886B7 /* Release */ = {
			isa = XCBuildConfiguration;
			buildSettings = {
				ASSETCATALOG_COMPILER_APPICON_NAME = AppIcon;
				CODE_SIGN_IDENTITY = "iPhone Developer";
				DEVELOPMENT_TEAM = P2B3GABB6H;
				INFOPLIST_FILE = Ginny/Info.plist;
				LD_RUNPATH_SEARCH_PATHS = (
					"$(inherited)",
					"@executable_path/Frameworks",
				);
				PRODUCT_BUNDLE_IDENTIFIER = fm.teal.ginny;
				SDKROOT = iphoneos;
				TARGETED_DEVICE_FAMILY = "1,2";
			};
			name = Release;
		};
		E5E1289F532501581106EAD3 /* Release */ = {
			isa = XCBuildConfiguration;
			buildSettings = {
				ALWAYS_SEARCH_USER_PATHS = NO;
				CLANG_ANALYZER_NONNULL = YES;
				CLANG_ANALYZER_NUMBER_OBJECT_CONVERSION = YES_AGGRESSIVE;
				CLANG_CXX_LANGUAGE_STANDARD = "gnu++14";
				CLANG_CXX_LIBRARY = "libc++";
				CLANG_ENABLE_MODULES = YES;
				CLANG_ENABLE_OBJC_ARC = YES;
				CLANG_ENABLE_OBJC_WEAK = YES;
				CLANG_WARN_BLOCK_CAPTURE_AUTORELEASING = YES;
				CLANG_WARN_BOOL_CONVERSION = YES;
				CLANG_WARN_COMMA = YES;
				CLANG_WARN_CONSTANT_CONVERSION = YES;
				CLANG_WARN_DEPRECATED_OBJC_IMPLEMENTATIONS = YES;
				CLANG_WARN_DIRECT_OBJC_ISA_USAGE = YES_ERROR;
				CLANG_WARN_DOCUMENTATION_COMMENTS = YES;
				CLANG_WARN_EMPTY_BODY = YES;
				CLANG_WARN_ENUM_CONVERSION = YES;
				CLANG_WARN_INFINITE_RECURSION = YES;
				CLANG_WARN_INT_CONVERSION = YES;
				CLANG_WARN_NON_LITERAL_NULL_CONVERSION = YES;
				CLANG_WARN_OBJC_IMPLICIT_RETAIN_SELF = YES;
				CLANG_WARN_OBJC_LITERAL_CONVERSION = YES;
				CLANG_WARN_OBJC_ROOT_CLASS = YES_ERROR;
				CLANG_WARN_QUOTED_INCLUDE_IN_FRAMEWORK_HEADER = YES;
				CLANG_WARN_RANGE_LOOP_ANALYSIS = YES;
				CLANG_WARN_STRICT_PROTOTYPES = YES;
				CLANG_WARN_SUSPICIOUS_MOVE = YES;
				CLANG_WARN_UNGUARDED_AVAILABILITY = YES_AGGRESSIVE;
				CLANG_WARN_UNREACHABLE_CODE = YES;
				CLANG_WARN__DUPLICATE_METHOD_MATCH = YES;
				COPY_PHASE_STRIP = NO;
				DEBUG_INFORMATION_FORMAT = "dwarf-with-dsym";
				ENABLE_NS_ASSERTIONS = NO;
				ENABLE_STRICT_OBJC_MSGSEND = YES;
				GCC_C_LANGUAGE_STANDARD = gnu11;
				GCC_NO_COMMON_BLOCKS = YES;
				GCC_WARN_64_TO_32_BIT_CONVERSION = YES;
				GCC_WARN_ABOUT_RETURN_TYPE = YES_ERROR;
				GCC_WARN_UNDECLARED_SELECTOR = YES;
				GCC_WARN_UNINITIALIZED_AUTOS = YES_AGGRESSIVE;
				GCC_WARN_UNUSED_FUNCTION = YES;
				GCC_WARN_UNUSED_VARIABLE = YES;
				IPHONEOS_DEPLOYMENT_TARGET = 26.0;
				MTL_ENABLE_DEBUG_INFO = NO;
				MTL_FAST_MATH = YES;
				PRODUCT_NAME = "$(TARGET_NAME)";
				SDKROOT = iphoneos;
				SWIFT_COMPILATION_MODE = wholemodule;
				SWIFT_OPTIMIZATION_LEVEL = "-O";
				SWIFT_STRICT_CONCURRENCY = complete;
				SWIFT_VERSION = 6.0;
			};
			name = Release;
		};
		F10000000000000000000001 /* Debug */ = {
			isa = XCBuildConfiguration;
			buildSettings = {
				APPLICATION_EXTENSION_API_ONLY = YES;
				CODE_SIGN_STYLE = Automatic;
				DEVELOPMENT_TEAM = P2B3GABB6H;
				INFOPLIST_FILE = GinnyLiveActivity/Info.plist;
				IPHONEOS_DEPLOYMENT_TARGET = 26.0;
				PRODUCT_BUNDLE_IDENTIFIER = fm.teal.ginny.liveactivity;
				PRODUCT_NAME = "$(TARGET_NAME)";
				SDKROOT = iphoneos;
				SWIFT_STRICT_CONCURRENCY = complete;
				SWIFT_VERSION = 6.0;
				TARGETED_DEVICE_FAMILY = "1,2";
			};
			name = Debug;
		};
		F10000000000000000000002 /* Release */ = {
			isa = XCBuildConfiguration;
			buildSettings = {
				APPLICATION_EXTENSION_API_ONLY = YES;
				CODE_SIGN_STYLE = Automatic;
				DEVELOPMENT_TEAM = P2B3GABB6H;
				INFOPLIST_FILE = GinnyLiveActivity/Info.plist;
				IPHONEOS_DEPLOYMENT_TARGET = 26.0;
				PRODUCT_BUNDLE_IDENTIFIER = fm.teal.ginny.liveactivity;
				PRODUCT_NAME = "$(TARGET_NAME)";
				SDKROOT = iphoneos;
				SWIFT_COMPILATION_MODE = wholemodule;
				SWIFT_OPTIMIZATION_LEVEL = "-O";
				SWIFT_STRICT_CONCURRENCY = complete;
				SWIFT_VERSION = 6.0;
				TARGETED_DEVICE_FAMILY = "1,2";
			};
			name = Release;
		};
		F80000000000000000000001 /* Debug */ = {
			isa = XCBuildConfiguration;
			buildSettings = {
				CODE_SIGN_STYLE = Automatic;
				DEVELOPMENT_TEAM = P2B3GABB6H;
				GENERATE_INFOPLIST_FILE = YES;
				IPHONEOS_DEPLOYMENT_TARGET = 26.0;
				PRODUCT_BUNDLE_IDENTIFIER = fm.teal.ginny.uitests;
				SDKROOT = iphoneos;
				SWIFT_STRICT_CONCURRENCY = complete;
				SWIFT_VERSION = 6.0;
				TARGETED_DEVICE_FAMILY = "1,2";
				TEST_TARGET_NAME = Ginny;
			};
			name = Debug;
		};
		F80000000000000000000002 /* Release */ = {
			isa = XCBuildConfiguration;
			buildSettings = {
				CODE_SIGN_STYLE = Automatic;
				DEVELOPMENT_TEAM = P2B3GABB6H;
				GENERATE_INFOPLIST_FILE = YES;
				IPHONEOS_DEPLOYMENT_TARGET = 26.0;
				PRODUCT_BUNDLE_IDENTIFIER = fm.teal.ginny.uitests;
				SDKROOT = iphoneos;
				SWIFT_COMPILATION_MODE = wholemodule;
				SWIFT_OPTIMIZATION_LEVEL = "-O";
				SWIFT_STRICT_CONCURRENCY = complete;
				SWIFT_VERSION = 6.0;
				TARGETED_DEVICE_FAMILY = "1,2";
				TEST_TARGET_NAME = Ginny;
			};
			name = Release;
		};
/* End XCBuildConfiguration section */

/* Begin XCConfigurationList section */
		205C1EF656B6F48B95F4E84D /* Build configuration list for PBXNativeTarget "Ginny" */ = {
			isa = XCConfigurationList;
			buildConfigurations = (
				1AAA22785CA359715287F3A4 /* Debug */,
				E103EA936142AB1B66E886B7 /* Release */,
			);
			defaultConfigurationIsVisible = 0;
			defaultConfigurationName = Debug;
		};
		2CBEE4EB06223A9D65AF775C /* Build configuration list for PBXProject "Ginny" */ = {
			isa = XCConfigurationList;
			buildConfigurations = (
				2D7B6E95810CEB9343BE4959 /* Debug */,
				E5E1289F532501581106EAD3 /* Release */,
			);
			defaultConfigurationIsVisible = 0;
			defaultConfigurationName = Debug;
		};
		BD7255DD38A86FB56AF75BEE /* Build configuration list for PBXNativeTarget "GinnyTests" */ = {
			isa = XCConfigurationList;
			buildConfigurations = (
				6CA40A043AC51B07CC4ACDD6 /* Debug */,
				C8368B12E4C6CCCF545086B0 /* Release */,
			);
			defaultConfigurationIsVisible = 0;
			defaultConfigurationName = Debug;
		};
		F10000000000000000000003 /* Build configuration list for PBXNativeTarget "GinnyLiveActivity" */ = {
			isa = XCConfigurationList;
			buildConfigurations = (
				F10000000000000000000001 /* Debug */,
				F10000000000000000000002 /* Release */,
			);
			defaultConfigurationIsVisible = 0;
			defaultConfigurationName = Debug;
		};
		F70000000000000000000001 /* Build configuration list for PBXNativeTarget "GinnyUITests" */ = {
			isa = XCConfigurationList;
			buildConfigurations = (
				F80000000000000000000001 /* Debug */,
				F80000000000000000000002 /* Release */,
			);
			defaultConfigurationIsVisible = 0;
			defaultConfigurationName = Debug;
		};
/* End XCConfigurationList section */

/* Begin XCRemoteSwiftPackageReference section */
		05FDBFA513F800E81A112DA8 /* XCRemoteSwiftPackageReference "SwiftStreamingMarkdown" */ = {
			isa = XCRemoteSwiftPackageReference;
			repositoryURL = "https://github.com/espeon/SwiftStreamingMarkdown.git";
			requirement = {
				branch = "feature/fast-fade";
				kind = branch;
			};
		};
/* End XCRemoteSwiftPackageReference section */

/* Begin XCSwiftPackageProductDependency section */
		BF8D6C77705725ED96320C4C /* SwiftStreamingMarkdown */ = {
			isa = XCSwiftPackageProductDependency;
			package = 05FDBFA513F800E81A112DA8 /* XCRemoteSwiftPackageReference "SwiftStreamingMarkdown" */;
			productName = SwiftStreamingMarkdown;
		};
/* End XCSwiftPackageProductDependency section */
	};
	rootObject = 623794BEDAB75D309DC84F2C /* Project object */;
}
