{
  "originHash" : "af30059c2d2bee890efc6886aa27c8bd33cb54ff6245047bb54c40fc7f341dbc",
  "pins" : [
    {
      "identity" : "atprotoclient",
      "kind" : "remoteSourceControl",
      "location" : "https://github.com/germ-network/AtprotoClient.git",
      "state" : {
        "revision" : "73dded01903229243f9c1b107cafd70a3e9a77c3",
        "version" : "0.7.0"
      }
    },
    {
      "identity" : "atprotooauth",
      "kind" : "remoteSourceControl",
      "location" : "https://github.com/germ-network/AtprotoOAuth.git",
      "state" : {
        "revision" : "8283ec2093385f3dfd2af7bf74797bc77d665033",
        "version" : "0.6.0"
      }
    },
    {
      "identity" : "atprototypes",
      "kind" : "remoteSourceControl",
      "location" : "https://github.com/germ-network/AtprotoTypes.git",
      "state" : {
        "revision" : "77aaa2b7a0559a22d7eda3a3c82c44ecfcf25087",
        "version" : "0.4.7"
      }
    },
    {
      "identity" : "cryptoswift",
      "kind" : "remoteSourceControl",
      "location" : "https://github.com/krzyzanowskim/CryptoSwift.git",
      "state" : {
        "revision" : "f2a627b84c1ff96f21ac2fcb623ab36142dd5512",
        "version" : "1.10.0"
      }
    },
    {
      "identity" : "equatable",
      "kind" : "remoteSourceControl",
      "location" : "https://github.com/ordo-one/equatable",
      "state" : {
        "revision" : "d110ff55fe01b88fff1dab6bd9b659afa9a6c6ef",
        "version" : "1.1.0"
      }
    },
    {
      "identity" : "germconvenience",
      "kind" : "remoteSourceControl",
      "location" : "https://github.com/germ-network/GermConvenience.git",
      "state" : {
        "revision" : "bfe84a1678c6d7a21af3190c00bc78430befe36c",
        "version" : "0.3.0"
      }
    },
    {
      "identity" : "highlightswift",
      "kind" : "remoteSourceControl",
      "location" : "https://github.com/appstefan/highlightswift",
      "state" : {
        "revision" : "99c431b38a1444a5fd6a4978307fbbefe3a7af53"
      }
    },
    {
      "identity" : "iosmath",
      "kind" : "remoteSourceControl",
      "location" : "https://github.com/junyan72/iosMath",
      "state" : {
        "revision" : "ba9ab7729b151329c54fd895a7c1859981d9484c"
      }
    },
    {
      "identity" : "oauth4swift",
      "kind" : "remoteSourceControl",
      "location" : "https://github.com/germ-network/oauth4swift.git",
      "state" : {
        "revision" : "3f549b08595f03b9cd0e38495653e775e153daea",
        "version" : "0.6.0"
      }
    },
    {
      "identity" : "swift-argument-parser",
      "kind" : "remoteSourceControl",
      "location" : "https://github.com/apple/swift-argument-parser",
      "state" : {
        "revision" : "6a52f3251125d74daf04fcbd5e6f08a75d074382",
        "version" : "1.8.2"
      }
    },
    {
      "identity" : "swift-asn1",
      "kind" : "remoteSourceControl",
      "location" : "https://github.com/apple/swift-asn1.git",
      "state" : {
        "revision" : "a9a5efd40eaf558a2bcd48d64b1d1646be686008",
        "version" : "1.7.1"
      }
    },
    {
      "identity" : "swift-atproto",
      "kind" : "remoteSourceControl",
      "location" : "https://github.com/nnabeyang/swift-atproto.git",
      "state" : {
        "revision" : "59e32887eeacef35822bff9954480edbfef3352c",
        "version" : "0.42.2"
      }
    },
    {
      "identity" : "swift-bases",
      "kind" : "remoteSourceControl",
      "location" : "https://github.com/swift-libp2p/swift-bases.git",
      "state" : {
        "revision" : "162f6ef3ed3ebd5954c445443d93e41d30a473da",
        "version" : "0.2.1"
      }
    },
    {
      "identity" : "swift-cid",
      "kind" : "remoteSourceControl",
      "location" : "https://github.com/swift-libp2p/swift-cid",
      "state" : {
        "revision" : "f2eb18409e87c0da057624b550a6c4a3e08de5c4",
        "version" : "0.0.1"
      }
    },
    {
      "identity" : "swift-cmark",
      "kind" : "remoteSourceControl",
      "location" : "https://github.com/swiftlang/swift-cmark.git",
      "state" : {
        "revision" : "924936d0427cb25a61169739a7660230bffa6ea6",
        "version" : "0.8.0"
      }
    },
    {
      "identity" : "swift-crypto",
      "kind" : "remoteSourceControl",
      "location" : "https://github.com/apple/swift-crypto",
      "state" : {
        "revision" : "47d3869a7291f085c1fb9fb1e6d3b97a793f45c6",
        "version" : "4.5.1"
      }
    },
    {
      "identity" : "swift-http-types",
      "kind" : "remoteSourceControl",
      "location" : "https://github.com/apple/swift-http-types.git",
      "state" : {
        "revision" : "db774a277f60063a32d854f2980299caf06da041",
        "version" : "1.6.0"
      }
    },
    {
      "identity" : "swift-log",
      "kind" : "remoteSourceControl",
      "location" : "https://github.com/apple/swift-log.git",
      "state" : {
        "revision" : "a878e7f8f46cfc0e1125e565b5c08e7d5272dc9a",
        "version" : "1.14.0"
      }
    },
    {
      "identity" : "swift-markdown",
      "kind" : "remoteSourceControl",
      "location" : "https://github.com/swiftlang/swift-markdown.git",
      "state" : {
        "revision" : "7d9a5ce307528578dfa777d505496bd5f544ad94",
        "version" : "0.7.3"
      }
    },
    {
      "identity" : "swift-multibase",
      "kind" : "remoteSourceControl",
      "location" : "https://github.com/swift-libp2p/swift-multibase.git",
      "state" : {
        "revision" : "45f3cf2844477b9d211e1d3e793d0853134fd942",
        "version" : "0.0.2"
      }
    },
    {
      "identity" : "swift-multicodec",
      "kind" : "remoteSourceControl",
      "location" : "https://github.com/swift-libp2p/swift-multicodec.git",
      "state" : {
        "revision" : "8b22b5941f934a51945d50793b104114a92a493c",
        "version" : "0.2.1"
      }
    },
    {
      "identity" : "swift-multihash",
      "kind" : "remoteSourceControl",
      "location" : "https://github.com/swift-libp2p/swift-multihash.git",
      "state" : {
        "revision" : "7ea5a9866bd341601fa61647d521880944139353",
        "version" : "0.0.4"
      }
    },
    {
      "identity" : "swift-secp256k1",
      "kind" : "remoteSourceControl",
      "location" : "https://github.com/21-DOT-DEV/swift-secp256k1",
      "state" : {
        "revision" : "e2f4de7caec61e971081d44e73ea6ef20359743b",
        "version" : "0.19.0"
      }
    },
    {
      "identity" : "swift-syntax",
      "kind" : "remoteSourceControl",
      "location" : "https://github.com/swiftlang/swift-syntax.git",
      "state" : {
        "revision" : "4799286537280063c85a32f09884cfbca301b1a1",
        "version" : "602.0.0"
      }
    },
    {
      "identity" : "swift-varint",
      "kind" : "remoteSourceControl",
      "location" : "https://github.com/swift-libp2p/swift-varint.git",
      "state" : {
        "revision" : "10254c96e8b979fe39775e28524c5da698278055",
        "version" : "0.2.1"
      }
    },
    {
      "identity" : "swiftstreamingmarkdown",
      "kind" : "remoteSourceControl",
      "location" : "https://github.com/espeon/SwiftStreamingMarkdown.git",
      "state" : {
        "branch" : "feature/fast-fade",
        "revision" : "3cd1261142f26a5d5d2f37280aaa3c8e3194c87f"
      }
    },
    {
      "identity" : "swiftui-shimmer",
      "kind" : "remoteSourceControl",
      "location" : "https://github.com/markiv/SwiftUI-Shimmer",
      "state" : {
        "revision" : "0226e21f9bf355d40e07e5f5e1c33679d50e167f",
        "version" : "1.5.1"
      }
    }
  ],
  "version" : 3
}
